Microsoft Visual Studio Solution File, Format Version 12.00
# Visual Studio 15
VisualStudioVersion = 15.0.27130.2003
MinimumVisualStudioVersion = 15.0.26124.0
Project("{9A19103F-16F7-4668-BE54-9A1E7A4F7556}") = "indexer", "indexer\indexer.csproj", "{4F7CD443-147E-44B2-ABA8-B73A95F912CB}"
EndProject
Global
	GlobalSection(SolutionConfigurationPlatforms) = preSolution
		Debug|Any CPU = Debug|Any CPU
		Debug|x64 = Debug|x64
		Debug|x86 = Debug|x86
		Release|Any CPU = Release|Any CPU
		Release|x64 = Release|x64
		Release|x86 = Release|x86
	EndGlobalSection
	GlobalSection(ProjectConfigurationPlatforms) = postSolution
		{4F7CD443-147E-44B2-ABA8-B73A95F912CB}.Debug|Any CPU.ActiveCfg = Debug|Any CPU
		{4F7CD443-147E-44B2-ABA8-B73A95F912CB}.Debug|Any CPU.Build.0 = Debug|Any CPU
		{4F7CD443-147E-44B2-ABA8-B73A95F912CB}.Debug|x64.ActiveCfg = Debug|Any CPU
		{4F7CD443-147E-44B2-ABA8-B73A95F912CB}.Debug|x64.Build.0 = Debug|Any CPU
		{4F7CD443-147E-44B2-ABA8-B73A95F912CB}.Debug|x86.ActiveCfg = Debug|Any CPU
		{4F7CD443-147E-44B2-ABA8-B73A95F912CB}.Debug|x86.Build.0 = Debug|Any CPU
		{4F7CD443-147E-44B2-ABA8-B73A95F912CB}.Release|Any CPU.ActiveCfg = Release|Any CPU
		{4F7CD443-147E-44B2-ABA8-B73A95F912CB}.Release|Any CPU.Build.0 = Release|Any CPU
		{4F7CD443-147E-44B2-ABA8-B73A95F912CB}.Release|x64.ActiveCfg = Release|Any CPU
		{4F7CD443-147E-44B2-ABA8-B73A95F912CB}.Release|x64.Build.0 = Release|Any CPU
		{4F7CD443-147E-44B2-ABA8-B73A95F912CB}.Release|x86.ActiveCfg = Release|Any CPU
		{4F7CD443-147E-44B2-ABA8-B73A95F912CB}.Release|x86.Build.0 = Release|Any CPU
	EndGlobalSection
	GlobalSection(SolutionProperties) = preSolution
		HideSolutionNode = FALSE
	EndGlobalSection
	GlobalSection(ExtensibilityGlobals) = postSolution
		SolutionGuid = {6F34AE29-E01E-4ED2-AB93-E98F26F793B1}
	EndGlobalSection
EndGlobal
